
Microsoft Visual Studio Solution File, Format Version 12.00
# Visual Studio Version 17
VisualStudioVersion = 17.8.34330.188
MinimumVisualStudioVersion = 10.0.40219.1
Project("{FAE04EC0-301F-11D3-BF4B-00C04F79EFBC}") = "SmartParking.PL", "SmartParking.PL\SmartParking.PL.csproj", "{2989E171-A6F1-49D3-8552-491E53C3CFA9}"
	ProjectSection(ProjectDependencies) = postProject
		{5A089C41-35FF-435D-999E-EDC8772F4218} = {5A089C41-35FF-435D-999E-EDC8772F4218}
	EndProjectSection
EndProject
Project("{9A19103F-16F7-4668-BE54-9A1E7A4F7556}") = "SmartParking.BLL", "SmartParking.BLL\SmartParking.BLL.csproj", "{5A089C41-35FF-435D-999E-EDC8772F4218}"
	ProjectSection(ProjectDependencies) = postProject
		{7E7892FA-F1BC-4433-B0CE-38AC88755DEA} = {7E7892FA-F1BC-4433-B0CE-38AC88755DEA}
	EndProjectSection
EndProject
Project("{9A19103F-16F7-4668-BE54-9A1E7A4F7556}") = "SmartParking.DAL", "SmartParking.DAL\SmartParking.DAL.csproj", "{7E7892FA-F1BC-4433-B0CE-38AC88755DEA}"
EndProject
Project("{FAE04EC0-301F-11D3-BF4B-00C04F79EFBC}") = "SmartParking.NUnitTests", "SmartParking.NUnitTests\SmartParking.NUnitTests.csproj", "{7C0FAF32-8C01-4846-B99B-1785453A79C4}"
EndProject
Global
	GlobalSection(SolutionConfigurationPlatforms) = preSolution
		Debug|Any CPU = Debug|Any CPU
		Release|Any CPU = Release|Any CPU
	EndGlobalSection
	GlobalSection(ProjectConfigurationPlatforms) = postSolution
		{2989E171-A6F1-49D3-8552-491E53C3CFA9}.Debug|Any CPU.ActiveCfg = Debug|Any CPU
		{2989E171-A6F1-49D3-8552-491E53C3CFA9}.Debug|Any CPU.Build.0 = Debug|Any CPU
		{2989E171-A6F1-49D3-8552-491E53C3CFA9}.Release|Any CPU.ActiveCfg = Release|Any CPU
		{2989E171-A6F1-49D3-8552-491E53C3CFA9}.Release|Any CPU.Build.0 = Release|Any CPU
		{5A089C41-35FF-435D-999E-EDC8772F4218}.Debug|Any CPU.ActiveCfg = Debug|Any CPU
		{5A089C41-35FF-435D-999E-EDC8772F4218}.Debug|Any CPU.Build.0 = Debug|Any CPU
		{5A089C41-35FF-435D-999E-EDC8772F4218}.Release|Any CPU.ActiveCfg = Release|Any CPU
		{5A089C41-35FF-435D-999E-EDC8772F4218}.Release|Any CPU.Build.0 = Release|Any CPU
		{7E7892FA-F1BC-4433-B0CE-38AC88755DEA}.Debug|Any CPU.ActiveCfg = Debug|Any CPU
		{7E7892FA-F1BC-4433-B0CE-38AC88755DEA}.Debug|Any CPU.Build.0 = Debug|Any CPU
		{7E7892FA-F1BC-4433-B0CE-38AC88755DEA}.Release|Any CPU.ActiveCfg = Release|Any CPU
		{7E7892FA-F1BC-4433-B0CE-38AC88755DEA}.Release|Any CPU.Build.0 = Release|Any CPU
		{7C0FAF32-8C01-4846-B99B-1785453A79C4}.Debug|Any CPU.ActiveCfg = Debug|Any CPU
		{7C0FAF32-8C01-4846-B99B-1785453A79C4}.Debug|Any CPU.Build.0 = Debug|Any CPU
		{7C0FAF32-8C01-4846-B99B-1785453A79C4}.Release|Any CPU.ActiveCfg = Release|Any CPU
		{7C0FAF32-8C01-4846-B99B-1785453A79C4}.Release|Any CPU.Build.0 = Release|Any CPU
	EndGlobalSection
	GlobalSection(SolutionProperties) = preSolution
		HideSolutionNode = FALSE
	EndGlobalSection
	GlobalSection(ExtensibilityGlobals) = postSolution
		SolutionGuid = {3C416A21-1570-441E-9647-324A523B7855}
	EndGlobalSection
EndGlobal
